{
  "name": "serverless-kmdaswiz",
  "version": "1.0.0",
  "lockfileVersion": 1,
  "requires": true,
  "dependencies": {
    "async": {
      "version": "1.5.2",
      "resolved": "http://localhost:48180/nexus/content/groups/npmjs/async/-/async-1.5.2.tgz",
      "integrity": "sha1-7GphrlZIDAw8skHJVhjiCJL5Zyo="
    },
    "bluebird": {
      "version": "3.5.1",
      "resolved": "http://localhost:48180/nexus/content/groups/npmjs/bluebird/-/bluebird-3.5.1.tgz",
      "integrity": "sha512-MKiLiV+I1AA596t9w1sQJ8jkiSr5+ZKi0WKrYGUn6d1Fx+Ij4tIj+m2WMQSGczs5jZVxV339chE8iwk6F64wjA=="
    },
    "lodash": {
      "version": "4.17.4",
      "resolved": "http://localhost:48180/nexus/content/groups/npmjs/lodash/-/lodash-4.17.4.tgz",
      "integrity": "sha1-eCA6TRwyiuHYbcpkYONptX9AVa4="
    },
    "mime": {
      "version": "1.6.0",
      "resolved": "http://localhost:48180/nexus/content/groups/npmjs/mime/-/mime-1.6.0.tgz",
      "integrity": "sha512-x0Vn8spI+wuJ1O6S7gnbaQg8Pxh4NNHb7KSINmEWKiPE4RKOplvijn+NkmYmmRgP68mc70j2EbeTFRsrswaQeg=="
    },
    "serverless-finch": {
      "version": "1.3.1",
      "resolved": "http://localhost:48180/nexus/content/groups/npmjs/serverless-finch/-/serverless-finch-1.3.1.tgz",
      "integrity": "sha512-2uWCqqCRYznS1VQv/EXfRCjOC4ny4adclxTO2gvI2EqcO5gQ0UCUBydJi1EzqG8Y33Hxcd4xYPD9JcZ9RhnF9g==",
      "requires": {
        "async": "1.5.2",
        "bluebird": "3.5.1",
        "lodash": "4.17.4",
        "mime": "1.6.0"
      }
    },
    "uuid": {
      "version": "2.0.3",
      "resolved": "http://localhost:48180/nexus/content/groups/npmjs/uuid/-/uuid-2.0.3.tgz",
      "integrity": "sha1-Z+LoY3lyFVMN/zGOW/nc6/1Hsho="
    }
  }
}
